
Microsoft Visual Studio Solution File, Format Version 12.00
# Visual Studio 14
VisualStudioVersion = 14.0.25420.1
MinimumVisualStudioVersion = 10.0.40219.1
Project("{2150E333-8FDC-42A3-9474-1A3956D46DE8}") = "APIs", "APIs", "{2D4F3347-03EC-48E0-9731-833BA97077E8}"
EndProject
Project("{2150E333-8FDC-42A3-9474-1A3956D46DE8}") = "Cargos", "Cargos", "{41AD38A3-856F-4D0A-9387-A3A70A756C3E}"
EndProject
Project("{FAE04EC0-301F-11D3-BF4B-00C04F79EFBC}") = "CargosRest", "CargosRest\CargosRest.csproj", "{BFAD7216-A811-4E98-AA02-A9D6BE35CB81}"
EndProject
Project("{2150E333-8FDC-42A3-9474-1A3956D46DE8}") = "Data", "Data", "{3639DA59-5F77-41A3-B070-D110C75E404B}"
EndProject
Project("{FAE04EC0-301F-11D3-BF4B-00C04F79EFBC}") = "EF.Cargos", "EF.Cargos\EF.Cargos.csproj", "{9CC283C5-AA43-4733-8463-C03AB6504075}"
EndProject
Project("{2150E333-8FDC-42A3-9474-1A3956D46DE8}") = "Views", "Views", "{2024B215-5672-43E8-98E8-D7F73C0E972E}"
EndProject
Project("{E24C65DC-7377-472B-9ABA-BC803B73C61A}") = "CargosWebSite", "http://localhost:8089/CargosWebSite", "{4823EA53-21F8-40DC-B030-49E8CF77866A}"
	ProjectSection(WebsiteProperties) = preProject
		UseIISExpress = "false"
		TargetFrameworkMoniker = ".NETFramework,Version%3Dv4.5.2"
		Debug.AspNetCompiler.VirtualPath = "/CargosWebSite"
		Debug.AspNetCompiler.PhysicalPath = "..\..\..\SitioWeb\CargosWebSite\"
		Debug.AspNetCompiler.TargetPath = "PrecompiledWeb\CargosWebSite\"
		Debug.AspNetCompiler.Updateable = "true"
		Debug.AspNetCompiler.ForceOverwrite = "true"
		Debug.AspNetCompiler.FixedNames = "false"
		Debug.AspNetCompiler.Debug = "True"
		Release.AspNetCompiler.VirtualPath = "/CargosWebSite"
		Release.AspNetCompiler.PhysicalPath = "..\..\..\SitioWeb\CargosWebSite\"
		Release.AspNetCompiler.TargetPath = "PrecompiledWeb\CargosWebSite\"
		Release.AspNetCompiler.Updateable = "true"
		Release.AspNetCompiler.ForceOverwrite = "true"
		Release.AspNetCompiler.FixedNames = "false"
		Release.AspNetCompiler.Debug = "False"
		SlnRelativePath = "..\..\..\SitioWeb\CargosWebSite\"
		DefaultWebSiteLanguage = "Visual C#"
	EndProjectSection
EndProject
Project("{2150E333-8FDC-42A3-9474-1A3956D46DE8}") = "ANdroid", "ANdroid", "{A9B22DDB-C875-4461-9EB2-6129812571D4}"
EndProject
Project("{2150E333-8FDC-42A3-9474-1A3956D46DE8}") = "Angular", "Angular", "{06FE0E24-F9A7-47B3-AB73-1438D26DC465}"
EndProject
Project("{2150E333-8FDC-42A3-9474-1A3956D46DE8}") = "2.0 - 4.0", "2.0 - 4.0", "{8E6F32D9-2BDB-4DEF-A8D8-6FF7D20FB712}"
EndProject
Project("{2150E333-8FDC-42A3-9474-1A3956D46DE8}") = "6", "6", "{F08FCCB1-DB9D-4425-BED1-EDA861056312}"
EndProject
Project("{E24C65DC-7377-472B-9ABA-BC803B73C61A}") = "Angular2_4", "http://localhost:8089/Angular2_4", "{15FD9DC6-16BC-4901-8224-3285543F4C4D}"
	ProjectSection(WebsiteProperties) = preProject
		UseIISExpress = "false"
		TargetFrameworkMoniker = ".NETFramework,Version%3Dv4.5.2"
		Debug.AspNetCompiler.VirtualPath = "/Angular2_4"
		Debug.AspNetCompiler.PhysicalPath = "..\..\..\SitioWeb\Angular2_4\"
		Debug.AspNetCompiler.TargetPath = "PrecompiledWeb\Angular2_4\"
		Debug.AspNetCompiler.Updateable = "true"
		Debug.AspNetCompiler.ForceOverwrite = "true"
		Debug.AspNetCompiler.FixedNames = "false"
		Debug.AspNetCompiler.Debug = "True"
		Release.AspNetCompiler.VirtualPath = "/Angular2_4"
		Release.AspNetCompiler.PhysicalPath = "..\..\..\SitioWeb\Angular2_4\"
		Release.AspNetCompiler.TargetPath = "PrecompiledWeb\Angular2_4\"
		Release.AspNetCompiler.Updateable = "true"
		Release.AspNetCompiler.ForceOverwrite = "true"
		Release.AspNetCompiler.FixedNames = "false"
		Release.AspNetCompiler.Debug = "False"
		SlnRelativePath = "..\..\..\SitioWeb\Angular2_4\"
		DefaultWebSiteLanguage = "Visual C#"
	EndProjectSection
EndProject
Global
	GlobalSection(SolutionConfigurationPlatforms) = preSolution
		Ad-Hoc|Any CPU = Ad-Hoc|Any CPU
		Ad-Hoc|ARM = Ad-Hoc|ARM
		Ad-Hoc|iPhone = Ad-Hoc|iPhone
		Ad-Hoc|iPhoneSimulator = Ad-Hoc|iPhoneSimulator
		Ad-Hoc|x64 = Ad-Hoc|x64
		Ad-Hoc|x86 = Ad-Hoc|x86
		AppStore|Any CPU = AppStore|Any CPU
		AppStore|ARM = AppStore|ARM
		AppStore|iPhone = AppStore|iPhone
		AppStore|iPhoneSimulator = AppStore|iPhoneSimulator
		AppStore|x64 = AppStore|x64
		AppStore|x86 = AppStore|x86
		Debug|Any CPU = Debug|Any CPU
		Debug|ARM = Debug|ARM
		Debug|iPhone = Debug|iPhone
		Debug|iPhoneSimulator = Debug|iPhoneSimulator
		Debug|x64 = Debug|x64
		Debug|x86 = Debug|x86
		Release|Any CPU = Release|Any CPU
		Release|ARM = Release|ARM
		Release|iPhone = Release|iPhone
		Release|iPhoneSimulator = Release|iPhoneSimulator
		Release|x64 = Release|x64
		Release|x86 = Release|x86
	EndGlobalSection
	GlobalSection(ProjectConfigurationPlatforms) = postSolution
		{BFAD7216-A811-4E98-AA02-A9D6BE35CB81}.Ad-Hoc|Any CPU.ActiveCfg = Release|Any CPU
		{BFAD7216-A811-4E98-AA02-A9D6BE35CB81}.Ad-Hoc|Any CPU.Build.0 = Release|Any CPU
		{BFAD7216-A811-4E98-AA02-A9D6BE35CB81}.Ad-Hoc|ARM.ActiveCfg = Release|Any CPU
		{BFAD7216-A811-4E98-AA02-A9D6BE35CB81}.Ad-Hoc|ARM.Build.0 = Release|Any CPU
		{BFAD7216-A811-4E98-AA02-A9D6BE35CB81}.Ad-Hoc|iPhone.ActiveCfg = Release|Any CPU
		{BFAD7216-A811-4E98-AA02-A9D6BE35CB81}.Ad-Hoc|iPhone.Build.0 = Release|Any CPU
		{BFAD7216-A811-4E98-AA02-A9D6BE35CB81}.Ad-Hoc|iPhoneSimulator.ActiveCfg = Release|Any CPU
		{BFAD7216-A811-4E98-AA02-A9D6BE35CB81}.Ad-Hoc|iPhoneSimulator.Build.0 = Release|Any CPU
		{BFAD7216-A811-4E98-AA02-A9D6BE35CB81}.Ad-Hoc|x64.ActiveCfg = Release|Any CPU
		{BFAD7216-A811-4E98-AA02-A9D6BE35CB81}.Ad-Hoc|x64.Build.0 = Release|Any CPU
		{BFAD7216-A811-4E98-AA02-A9D6BE35CB81}.Ad-Hoc|x86.ActiveCfg = Release|Any CPU
		{BFAD7216-A811-4E98-AA02-A9D6BE35CB81}.Ad-Hoc|x86.Build.0 = Release|Any CPU
		{BFAD7216-A811-4E98-AA02-A9D6BE35CB81}.AppStore|Any CPU.ActiveCfg = Release|Any CPU
		{BFAD7216-A811-4E98-AA02-A9D6BE35CB81}.AppStore|Any CPU.Build.0 = Release|Any CPU
		{BFAD7216-A811-4E98-AA02-A9D6BE35CB81}.AppStore|ARM.ActiveCfg = Release|Any CPU
		{BFAD7216-A811-4E98-AA02-A9D6BE35CB81}.AppStore|ARM.Build.0 = Release|Any CPU
		{BFAD7216-A811-4E98-AA02-A9D6BE35CB81}.AppStore|iPhone.ActiveCfg = Release|Any CPU
		{BFAD7216-A811-4E98-AA02-A9D6BE35CB81}.AppStore|iPhone.Build.0 = Release|Any CPU
		{BFAD7216-A811-4E98-AA02-A9D6BE35CB81}.AppStore|iPhoneSimulator.ActiveCfg = Release|Any CPU
		{BFAD7216-A811-4E98-AA02-A9D6BE35CB81}.AppStore|iPhoneSimulator.Build.0 = Release|Any CPU
		{BFAD7216-A811-4E98-AA02-A9D6BE35CB81}.AppStore|x64.ActiveCfg = Release|Any CPU
		{BFAD7216-A811-4E98-AA02-A9D6BE35CB81}.AppStore|x64.Build.0 = Release|Any CPU
		{BFAD7216-A811-4E98-AA02-A9D6BE35CB81}.AppStore|x86.ActiveCfg = Release|Any CPU
		{BFAD7216-A811-4E98-AA02-A9D6BE35CB81}.AppStore|x86.Build.0 = Release|Any CPU
		{BFAD7216-A811-4E98-AA02-A9D6BE35CB81}.Debug|Any CPU.ActiveCfg = Debug|Any CPU
		{BFAD7216-A811-4E98-AA02-A9D6BE35CB81}.Debug|Any CPU.Build.0 = Debug|Any CPU
		{BFAD7216-A811-4E98-AA02-A9D6BE35CB81}.Debug|ARM.ActiveCfg = Debug|Any CPU
		{BFAD7216-A811-4E98-AA02-A9D6BE35CB81}.Debug|ARM.Build.0 = Debug|Any CPU
		{BFAD7216-A811-4E98-AA02-A9D6BE35CB81}.Debug|iPhone.ActiveCfg = Debug|Any CPU
		{BFAD7216-A811-4E98-AA02-A9D6BE35CB81}.Debug|iPhone.Build.0 = Debug|Any CPU
		{BFAD7216-A811-4E98-AA02-A9D6BE35CB81}.Debug|iPhoneSimulator.ActiveCfg = Debug|Any CPU
		{BFAD7216-A811-4E98-AA02-A9D6BE35CB81}.Debug|iPhoneSimulator.Build.0 = Debug|Any CPU
		{BFAD7216-A811-4E98-AA02-A9D6BE35CB81}.Debug|x64.ActiveCfg = Debug|Any CPU
		{BFAD7216-A811-4E98-AA02-A9D6BE35CB81}.Debug|x64.Build.0 = Debug|Any CPU
		{BFAD7216-A811-4E98-AA02-A9D6BE35CB81}.Debug|x86.ActiveCfg = Debug|Any CPU
		{BFAD7216-A811-4E98-AA02-A9D6BE35CB81}.Debug|x86.Build.0 = Debug|Any CPU
		{BFAD7216-A811-4E98-AA02-A9D6BE35CB81}.Release|Any CPU.ActiveCfg = Release|Any CPU
		{BFAD7216-A811-4E98-AA02-A9D6BE35CB81}.Release|Any CPU.Build.0 = Release|Any CPU
		{BFAD7216-A811-4E98-AA02-A9D6BE35CB81}.Release|ARM.ActiveCfg = Release|Any CPU
		{BFAD7216-A811-4E98-AA02-A9D6BE35CB81}.Release|ARM.Build.0 = Release|Any CPU
		{BFAD7216-A811-4E98-AA02-A9D6BE35CB81}.Release|iPhone.ActiveCfg = Release|Any CPU
		{BFAD7216-A811-4E98-AA02-A9D6BE35CB81}.Release|iPhone.Build.0 = Release|Any CPU
		{BFAD7216-A811-4E98-AA02-A9D6BE35CB81}.Release|iPhoneSimulator.ActiveCfg = Release|Any CPU
		{BFAD7216-A811-4E98-AA02-A9D6BE35CB81}.Release|iPhoneSimulator.Build.0 = Release|Any CPU
		{BFAD7216-A811-4E98-AA02-A9D6BE35CB81}.Release|x64.ActiveCfg = Release|Any CPU
		{BFAD7216-A811-4E98-AA02-A9D6BE35CB81}.Release|x64.Build.0 = Release|Any CPU
		{BFAD7216-A811-4E98-AA02-A9D6BE35CB81}.Release|x86.ActiveCfg = Release|Any CPU
		{BFAD7216-A811-4E98-AA02-A9D6BE35CB81}.Release|x86.Build.0 = Release|Any CPU
		{9CC283C5-AA43-4733-8463-C03AB6504075}.Ad-Hoc|Any CPU.ActiveCfg = Release|Any CPU
		{9CC283C5-AA43-4733-8463-C03AB6504075}.Ad-Hoc|Any CPU.Build.0 = Release|Any CPU
		{9CC283C5-AA43-4733-8463-C03AB6504075}.Ad-Hoc|ARM.ActiveCfg = Release|Any CPU
		{9CC283C5-AA43-4733-8463-C03AB6504075}.Ad-Hoc|ARM.Build.0 = Release|Any CPU
		{9CC283C5-AA43-4733-8463-C03AB6504075}.Ad-Hoc|iPhone.ActiveCfg = Release|Any CPU
		{9CC283C5-AA43-4733-8463-C03AB6504075}.Ad-Hoc|iPhone.Build.0 = Release|Any CPU
		{9CC283C5-AA43-4733-8463-C03AB6504075}.Ad-Hoc|iPhoneSimulator.ActiveCfg = Release|Any CPU
		{9CC283C5-AA43-4733-8463-C03AB6504075}.Ad-Hoc|iPhoneSimulator.Build.0 = Release|Any CPU
		{9CC283C5-AA43-4733-8463-C03AB6504075}.Ad-Hoc|x64.ActiveCfg = Release|Any CPU
		{9CC283C5-AA43-4733-8463-C03AB6504075}.Ad-Hoc|x64.Build.0 = Release|Any CPU
		{9CC283C5-AA43-4733-8463-C03AB6504075}.Ad-Hoc|x86.ActiveCfg = Release|Any CPU
		{9CC283C5-AA43-4733-8463-C03AB6504075}.Ad-Hoc|x86.Build.0 = Release|Any CPU
		{9CC283C5-AA43-4733-8463-C03AB6504075}.AppStore|Any CPU.ActiveCfg = Release|Any CPU
		{9CC283C5-AA43-4733-8463-C03AB6504075}.AppStore|Any CPU.Build.0 = Release|Any CPU
		{9CC283C5-AA43-4733-8463-C03AB6504075}.AppStore|ARM.ActiveCfg = Release|Any CPU
		{9CC283C5-AA43-4733-8463-C03AB6504075}.AppStore|ARM.Build.0 = Release|Any CPU
		{9CC283C5-AA43-4733-8463-C03AB6504075}.AppStore|iPhone.ActiveCfg = Release|Any CPU
		{9CC283C5-AA43-4733-8463-C03AB6504075}.AppStore|iPhone.Build.0 = Release|Any CPU
		{9CC283C5-AA43-4733-8463-C03AB6504075}.AppStore|iPhoneSimulator.ActiveCfg = Release|Any CPU
		{9CC283C5-AA43-4733-8463-C03AB6504075}.AppStore|iPhoneSimulator.Build.0 = Release|Any CPU
		{9CC283C5-AA43-4733-8463-C03AB6504075}.AppStore|x64.ActiveCfg = Release|Any CPU
		{9CC283C5-AA43-4733-8463-C03AB6504075}.AppStore|x64.Build.0 = Release|Any CPU
		{9CC283C5-AA43-4733-8463-C03AB6504075}.AppStore|x86.ActiveCfg = Release|Any CPU
		{9CC283C5-AA43-4733-8463-C03AB6504075}.AppStore|x86.Build.0 = Release|Any CPU
		{9CC283C5-AA43-4733-8463-C03AB6504075}.Debug|Any CPU.ActiveCfg = Debug|Any CPU
		{9CC283C5-AA43-4733-8463-C03AB6504075}.Debug|Any CPU.Build.0 = Debug|Any CPU
		{9CC283C5-AA43-4733-8463-C03AB6504075}.Debug|ARM.ActiveCfg = Debug|Any CPU
		{9CC283C5-AA43-4733-8463-C03AB6504075}.Debug|ARM.Build.0 = Debug|Any CPU
		{9CC283C5-AA43-4733-8463-C03AB6504075}.Debug|iPhone.ActiveCfg = Debug|Any CPU
		{9CC283C5-AA43-4733-8463-C03AB6504075}.Debug|iPhone.Build.0 = Debug|Any CPU
		{9CC283C5-AA43-4733-8463-C03AB6504075}.Debug|iPhoneSimulator.ActiveCfg = Debug|Any CPU
		{9CC283C5-AA43-4733-8463-C03AB6504075}.Debug|iPhoneSimulator.Build.0 = Debug|Any CPU
		{9CC283C5-AA43-4733-8463-C03AB6504075}.Debug|x64.ActiveCfg = Debug|Any CPU
		{9CC283C5-AA43-4733-8463-C03AB6504075}.Debug|x64.Build.0 = Debug|Any CPU
		{9CC283C5-AA43-4733-8463-C03AB6504075}.Debug|x86.ActiveCfg = Debug|Any CPU
		{9CC283C5-AA43-4733-8463-C03AB6504075}.Debug|x86.Build.0 = Debug|Any CPU
		{9CC283C5-AA43-4733-8463-C03AB6504075}.Release|Any CPU.ActiveCfg = Release|Any CPU
		{9CC283C5-AA43-4733-8463-C03AB6504075}.Release|Any CPU.Build.0 = Release|Any CPU
		{9CC283C5-AA43-4733-8463-C03AB6504075}.Release|ARM.ActiveCfg = Release|Any CPU
		{9CC283C5-AA43-4733-8463-C03AB6504075}.Release|ARM.Build.0 = Release|Any CPU
		{9CC283C5-AA43-4733-8463-C03AB6504075}.Release|iPhone.ActiveCfg = Release|Any CPU
		{9CC283C5-AA43-4733-8463-C03AB6504075}.Release|iPhone.Build.0 = Release|Any CPU
		{9CC283C5-AA43-4733-8463-C03AB6504075}.Release|iPhoneSimulator.ActiveCfg = Release|Any CPU
		{9CC283C5-AA43-4733-8463-C03AB6504075}.Release|iPhoneSimulator.Build.0 = Release|Any CPU
		{9CC283C5-AA43-4733-8463-C03AB6504075}.Release|x64.ActiveCfg = Release|Any CPU
		{9CC283C5-AA43-4733-8463-C03AB6504075}.Release|x64.Build.0 = Release|Any CPU
		{9CC283C5-AA43-4733-8463-C03AB6504075}.Release|x86.ActiveCfg = Release|Any CPU
		{9CC283C5-AA43-4733-8463-C03AB6504075}.Release|x86.Build.0 = Release|Any CPU
		{4823EA53-21F8-40DC-B030-49E8CF77866A}.Ad-Hoc|Any CPU.ActiveCfg = Debug|Any CPU
		{4823EA53-21F8-40DC-B030-49E8CF77866A}.Ad-Hoc|Any CPU.Build.0 = Debug|Any CPU
		{4823EA53-21F8-40DC-B030-49E8CF77866A}.Ad-Hoc|ARM.ActiveCfg = Debug|Any CPU
		{4823EA53-21F8-40DC-B030-49E8CF77866A}.Ad-Hoc|ARM.Build.0 = Debug|Any CPU
		{4823EA53-21F8-40DC-B030-49E8CF77866A}.Ad-Hoc|iPhone.ActiveCfg = Debug|Any CPU
		{4823EA53-21F8-40DC-B030-49E8CF77866A}.Ad-Hoc|iPhone.Build.0 = Debug|Any CPU
		{4823EA53-21F8-40DC-B030-49E8CF77866A}.Ad-Hoc|iPhoneSimulator.ActiveCfg = Debug|Any CPU
		{4823EA53-21F8-40DC-B030-49E8CF77866A}.Ad-Hoc|iPhoneSimulator.Build.0 = Debug|Any CPU
		{4823EA53-21F8-40DC-B030-49E8CF77866A}.Ad-Hoc|x64.ActiveCfg = Debug|Any CPU
		{4823EA53-21F8-40DC-B030-49E8CF77866A}.Ad-Hoc|x64.Build.0 = Debug|Any CPU
		{4823EA53-21F8-40DC-B030-49E8CF77866A}.Ad-Hoc|x86.ActiveCfg = Debug|Any CPU
		{4823EA53-21F8-40DC-B030-49E8CF77866A}.Ad-Hoc|x86.Build.0 = Debug|Any CPU
		{4823EA53-21F8-40DC-B030-49E8CF77866A}.AppStore|Any CPU.ActiveCfg = Debug|Any CPU
		{4823EA53-21F8-40DC-B030-49E8CF77866A}.AppStore|Any CPU.Build.0 = Debug|Any CPU
		{4823EA53-21F8-40DC-B030-49E8CF77866A}.AppStore|ARM.ActiveCfg = Debug|Any CPU
		{4823EA53-21F8-40DC-B030-49E8CF77866A}.AppStore|ARM.Build.0 = Debug|Any CPU
		{4823EA53-21F8-40DC-B030-49E8CF77866A}.AppStore|iPhone.ActiveCfg = Debug|Any CPU
		{4823EA53-21F8-40DC-B030-49E8CF77866A}.AppStore|iPhone.Build.0 = Debug|Any CPU
		{4823EA53-21F8-40DC-B030-49E8CF77866A}.AppStore|iPhoneSimulator.ActiveCfg = Debug|Any CPU
		{4823EA53-21F8-40DC-B030-49E8CF77866A}.AppStore|iPhoneSimulator.Build.0 = Debug|Any CPU
		{4823EA53-21F8-40DC-B030-49E8CF77866A}.AppStore|x64.ActiveCfg = Debug|Any CPU
		{4823EA53-21F8-40DC-B030-49E8CF77866A}.AppStore|x64.Build.0 = Debug|Any CPU
		{4823EA53-21F8-40DC-B030-49E8CF77866A}.AppStore|x86.ActiveCfg = Debug|Any CPU
		{4823EA53-21F8-40DC-B030-49E8CF77866A}.AppStore|x86.Build.0 = Debug|Any CPU
		{4823EA53-21F8-40DC-B030-49E8CF77866A}.Debug|Any CPU.ActiveCfg = Debug|Any CPU
		{4823EA53-21F8-40DC-B030-49E8CF77866A}.Debug|Any CPU.Build.0 = Debug|Any CPU
		{4823EA53-21F8-40DC-B030-49E8CF77866A}.Debug|ARM.ActiveCfg = Debug|Any CPU
		{4823EA53-21F8-40DC-B030-49E8CF77866A}.Debug|ARM.Build.0 = Debug|Any CPU
		{4823EA53-21F8-40DC-B030-49E8CF77866A}.Debug|iPhone.ActiveCfg = Debug|Any CPU
		{4823EA53-21F8-40DC-B030-49E8CF77866A}.Debug|iPhone.Build.0 = Debug|Any CPU
		{4823EA53-21F8-40DC-B030-49E8CF77866A}.Debug|iPhoneSimulator.ActiveCfg = Debug|Any CPU
		{4823EA53-21F8-40DC-B030-49E8CF77866A}.Debug|iPhoneSimulator.Build.0 = Debug|Any CPU
		{4823EA53-21F8-40DC-B030-49E8CF77866A}.Debug|x64.ActiveCfg = Debug|Any CPU
		{4823EA53-21F8-40DC-B030-49E8CF77866A}.Debug|x64.Build.0 = Debug|Any CPU
		{4823EA53-21F8-40DC-B030-49E8CF77866A}.Debug|x86.ActiveCfg = Debug|Any CPU
		{4823EA53-21F8-40DC-B030-49E8CF77866A}.Debug|x86.Build.0 = Debug|Any CPU
		{4823EA53-21F8-40DC-B030-49E8CF77866A}.Release|Any CPU.ActiveCfg = Debug|Any CPU
		{4823EA53-21F8-40DC-B030-49E8CF77866A}.Release|Any CPU.Build.0 = Debug|Any CPU
		{4823EA53-21F8-40DC-B030-49E8CF77866A}.Release|ARM.ActiveCfg = Debug|Any CPU
		{4823EA53-21F8-40DC-B030-49E8CF77866A}.Release|ARM.Build.0 = Debug|Any CPU
		{4823EA53-21F8-40DC-B030-49E8CF77866A}.Release|iPhone.ActiveCfg = Debug|Any CPU
		{4823EA53-21F8-40DC-B030-49E8CF77866A}.Release|iPhone.Build.0 = Debug|Any CPU
		{4823EA53-21F8-40DC-B030-49E8CF77866A}.Release|iPhoneSimulator.ActiveCfg = Debug|Any CPU
		{4823EA53-21F8-40DC-B030-49E8CF77866A}.Release|iPhoneSimulator.Build.0 = Debug|Any CPU
		{4823EA53-21F8-40DC-B030-49E8CF77866A}.Release|x64.ActiveCfg = Debug|Any CPU
		{4823EA53-21F8-40DC-B030-49E8CF77866A}.Release|x64.Build.0 = Debug|Any CPU
		{4823EA53-21F8-40DC-B030-49E8CF77866A}.Release|x86.ActiveCfg = Debug|Any CPU
		{4823EA53-21F8-40DC-B030-49E8CF77866A}.Release|x86.Build.0 = Debug|Any CPU
		{15FD9DC6-16BC-4901-8224-3285543F4C4D}.Ad-Hoc|Any CPU.ActiveCfg = Debug|Any CPU
		{15FD9DC6-16BC-4901-8224-3285543F4C4D}.Ad-Hoc|Any CPU.Build.0 = Debug|Any CPU
		{15FD9DC6-16BC-4901-8224-3285543F4C4D}.Ad-Hoc|ARM.ActiveCfg = Debug|Any CPU
		{15FD9DC6-16BC-4901-8224-3285543F4C4D}.Ad-Hoc|ARM.Build.0 = Debug|Any CPU
		{15FD9DC6-16BC-4901-8224-3285543F4C4D}.Ad-Hoc|iPhone.ActiveCfg = Debug|Any CPU
		{15FD9DC6-16BC-4901-8224-3285543F4C4D}.Ad-Hoc|iPhone.Build.0 = Debug|Any CPU
		{15FD9DC6-16BC-4901-8224-3285543F4C4D}.Ad-Hoc|iPhoneSimulator.ActiveCfg = Debug|Any CPU
		{15FD9DC6-16BC-4901-8224-3285543F4C4D}.Ad-Hoc|iPhoneSimulator.Build.0 = Debug|Any CPU
		{15FD9DC6-16BC-4901-8224-3285543F4C4D}.Ad-Hoc|x64.ActiveCfg = Debug|Any CPU
		{15FD9DC6-16BC-4901-8224-3285543F4C4D}.Ad-Hoc|x64.Build.0 = Debug|Any CPU
		{15FD9DC6-16BC-4901-8224-3285543F4C4D}.Ad-Hoc|x86.ActiveCfg = Debug|Any CPU
		{15FD9DC6-16BC-4901-8224-3285543F4C4D}.Ad-Hoc|x86.Build.0 = Debug|Any CPU
		{15FD9DC6-16BC-4901-8224-3285543F4C4D}.AppStore|Any CPU.ActiveCfg = Debug|Any CPU
		{15FD9DC6-16BC-4901-8224-3285543F4C4D}.AppStore|Any CPU.Build.0 = Debug|Any CPU
		{15FD9DC6-16BC-4901-8224-3285543F4C4D}.AppStore|ARM.ActiveCfg = Debug|Any CPU
		{15FD9DC6-16BC-4901-8224-3285543F4C4D}.AppStore|ARM.Build.0 = Debug|Any CPU
		{15FD9DC6-16BC-4901-8224-3285543F4C4D}.AppStore|iPhone.ActiveCfg = Debug|Any CPU
		{15FD9DC6-16BC-4901-8224-3285543F4C4D}.AppStore|iPhone.Build.0 = Debug|Any CPU
		{15FD9DC6-16BC-4901-8224-3285543F4C4D}.AppStore|iPhoneSimulator.ActiveCfg = Debug|Any CPU
		{15FD9DC6-16BC-4901-8224-3285543F4C4D}.AppStore|iPhoneSimulator.Build.0 = Debug|Any CPU
		{15FD9DC6-16BC-4901-8224-3285543F4C4D}.AppStore|x64.ActiveCfg = Debug|Any CPU
		{15FD9DC6-16BC-4901-8224-3285543F4C4D}.AppStore|x64.Build.0 = Debug|Any CPU
		{15FD9DC6-16BC-4901-8224-3285543F4C4D}.AppStore|x86.ActiveCfg = Debug|Any CPU
		{15FD9DC6-16BC-4901-8224-3285543F4C4D}.AppStore|x86.Build.0 = Debug|Any CPU
		{15FD9DC6-16BC-4901-8224-3285543F4C4D}.Debug|Any CPU.ActiveCfg = Debug|Any CPU
		{15FD9DC6-16BC-4901-8224-3285543F4C4D}.Debug|Any CPU.Build.0 = Debug|Any CPU
		{15FD9DC6-16BC-4901-8224-3285543F4C4D}.Debug|ARM.ActiveCfg = Debug|Any CPU
		{15FD9DC6-16BC-4901-8224-3285543F4C4D}.Debug|ARM.Build.0 = Debug|Any CPU
		{15FD9DC6-16BC-4901-8224-3285543F4C4D}.Debug|iPhone.ActiveCfg = Debug|Any CPU
		{15FD9DC6-16BC-4901-8224-3285543F4C4D}.Debug|iPhone.Build.0 = Debug|Any CPU
		{15FD9DC6-16BC-4901-8224-3285543F4C4D}.Debug|iPhoneSimulator.ActiveCfg = Debug|Any CPU
		{15FD9DC6-16BC-4901-8224-3285543F4C4D}.Debug|iPhoneSimulator.Build.0 = Debug|Any CPU
		{15FD9DC6-16BC-4901-8224-3285543F4C4D}.Debug|x64.ActiveCfg = Debug|Any CPU
		{15FD9DC6-16BC-4901-8224-3285543F4C4D}.Debug|x64.Build.0 = Debug|Any CPU
		{15FD9DC6-16BC-4901-8224-3285543F4C4D}.Debug|x86.ActiveCfg = Debug|Any CPU
		{15FD9DC6-16BC-4901-8224-3285543F4C4D}.Debug|x86.Build.0 = Debug|Any CPU
		{15FD9DC6-16BC-4901-8224-3285543F4C4D}.Release|Any CPU.ActiveCfg = Debug|Any CPU
		{15FD9DC6-16BC-4901-8224-3285543F4C4D}.Release|Any CPU.Build.0 = Debug|Any CPU
		{15FD9DC6-16BC-4901-8224-3285543F4C4D}.Release|ARM.ActiveCfg = Debug|Any CPU
		{15FD9DC6-16BC-4901-8224-3285543F4C4D}.Release|ARM.Build.0 = Debug|Any CPU
		{15FD9DC6-16BC-4901-8224-3285543F4C4D}.Release|iPhone.ActiveCfg = Debug|Any CPU
		{15FD9DC6-16BC-4901-8224-3285543F4C4D}.Release|iPhone.Build.0 = Debug|Any CPU
		{15FD9DC6-16BC-4901-8224-3285543F4C4D}.Release|iPhoneSimulator.ActiveCfg = Debug|Any CPU
		{15FD9DC6-16BC-4901-8224-3285543F4C4D}.Release|iPhoneSimulator.Build.0 = Debug|Any CPU
		{15FD9DC6-16BC-4901-8224-3285543F4C4D}.Release|x64.ActiveCfg = Debug|Any CPU
		{15FD9DC6-16BC-4901-8224-3285543F4C4D}.Release|x64.Build.0 = Debug|Any CPU
		{15FD9DC6-16BC-4901-8224-3285543F4C4D}.Release|x86.ActiveCfg = Debug|Any CPU
		{15FD9DC6-16BC-4901-8224-3285543F4C4D}.Release|x86.Build.0 = Debug|Any CPU
	EndGlobalSection
	GlobalSection(SolutionProperties) = preSolution
		HideSolutionNode = FALSE
	EndGlobalSection
	GlobalSection(NestedProjects) = preSolution
		{41AD38A3-856F-4D0A-9387-A3A70A756C3E} = {2D4F3347-03EC-48E0-9731-833BA97077E8}
		{BFAD7216-A811-4E98-AA02-A9D6BE35CB81} = {41AD38A3-856F-4D0A-9387-A3A70A756C3E}
		{9CC283C5-AA43-4733-8463-C03AB6504075} = {3639DA59-5F77-41A3-B070-D110C75E404B}
		{4823EA53-21F8-40DC-B030-49E8CF77866A} = {2024B215-5672-43E8-98E8-D7F73C0E972E}
		{A9B22DDB-C875-4461-9EB2-6129812571D4} = {2024B215-5672-43E8-98E8-D7F73C0E972E}
		{06FE0E24-F9A7-47B3-AB73-1438D26DC465} = {2024B215-5672-43E8-98E8-D7F73C0E972E}
		{8E6F32D9-2BDB-4DEF-A8D8-6FF7D20FB712} = {06FE0E24-F9A7-47B3-AB73-1438D26DC465}
		{F08FCCB1-DB9D-4425-BED1-EDA861056312} = {06FE0E24-F9A7-47B3-AB73-1438D26DC465}
		{15FD9DC6-16BC-4901-8224-3285543F4C4D} = {8E6F32D9-2BDB-4DEF-A8D8-6FF7D20FB712}
	EndGlobalSection
EndGlobal
